
Microsoft Visual Studio Solution File, Format Version 12.00
# Visual Studio Version 16
VisualStudioVersion = 16.0.29318.209
MinimumVisualStudioVersion = 10.0.40219.1
Project("{9A19103F-16F7-4668-BE54-9A1E7A4F7556}") = "DesignPatterns", "DesignPatterns.csproj", "{C9E86A36-B681-49F5-AE59-89A60093C5A6}"
EndProject
Global
	GlobalSection(SolutionConfigurationPlatforms) = preSolution
		Debug|Any CPU = Debug|Any CPU
		Release|Any CPU = Release|Any CPU
	EndGlobalSection
	GlobalSection(ProjectConfigurationPlatforms) = postSolution
		{C9E86A36-B681-49F5-AE59-89A60093C5A6}.Debug|Any CPU.ActiveCfg = Debug|Any CPU
		{C9E86A36-B681-49F5-AE59-89A60093C5A6}.Debug|Any CPU.Build.0 = Debug|Any CPU
		{C9E86A36-B681-49F5-AE59-89A60093C5A6}.Release|Any CPU.ActiveCfg = Release|Any CPU
		{C9E86A36-B681-49F5-AE59-89A60093C5A6}.Release|Any CPU.Build.0 = Release|Any CPU
	EndGlobalSection
	GlobalSection(SolutionProperties) = preSolution
		HideSolutionNode = FALSE
	EndGlobalSection
	GlobalSection(ExtensibilityGlobals) = postSolution
		SolutionGuid = {70BBF02C-2EE1-45EE-88C2-2D17ED172ADE}
	EndGlobalSection
EndGlobal
